
Microsoft Visual Studio Solution File, Format Version 12.00
# Visual Studio Version 16
VisualStudioVersion = 16.0.31105.61
MinimumVisualStudioVersion = 10.0.40219.1
Project("{FAE04EC0-301F-11D3-BF4B-00C04F79EFBC}") = "Projekt.Web", "Projekt.Web\Projekt.Web.csproj", "{FC35AE41-268F-44CD-A541-D37E746D0593}"
EndProject
Project("{FAE04EC0-301F-11D3-BF4B-00C04F79EFBC}") = "Projekt.Model", "Projekt.Model\Projekt.Model.csproj", "{6FBB06A5-1CD1-4974-B15E-4BEDA57CA1B5}"
EndProject
Project("{FAE04EC0-301F-11D3-BF4B-00C04F79EFBC}") = "Projekt.DAL", "Projekt.DAL\Projekt.DAL.csproj", "{BE657620-9ED1-4332-9598-1785F718AF84}"
EndProject
Global
	GlobalSection(SolutionConfigurationPlatforms) = preSolution
		Debug|Any CPU = Debug|Any CPU
		Release|Any CPU = Release|Any CPU
	EndGlobalSection
	GlobalSection(ProjectConfigurationPlatforms) = postSolution
		{FC35AE41-268F-44CD-A541-D37E746D0593}.Debug|Any CPU.ActiveCfg = Debug|Any CPU
		{FC35AE41-268F-44CD-A541-D37E746D0593}.Debug|Any CPU.Build.0 = Debug|Any CPU
		{FC35AE41-268F-44CD-A541-D37E746D0593}.Release|Any CPU.ActiveCfg = Release|Any CPU
		{FC35AE41-268F-44CD-A541-D37E746D0593}.Release|Any CPU.Build.0 = Release|Any CPU
		{6FBB06A5-1CD1-4974-B15E-4BEDA57CA1B5}.Debug|Any CPU.ActiveCfg = Debug|Any CPU
		{6FBB06A5-1CD1-4974-B15E-4BEDA57CA1B5}.Debug|Any CPU.Build.0 = Debug|Any CPU
		{6FBB06A5-1CD1-4974-B15E-4BEDA57CA1B5}.Release|Any CPU.ActiveCfg = Release|Any CPU
		{6FBB06A5-1CD1-4974-B15E-4BEDA57CA1B5}.Release|Any CPU.Build.0 = Release|Any CPU
		{BE657620-9ED1-4332-9598-1785F718AF84}.Debug|Any CPU.ActiveCfg = Debug|Any CPU
		{BE657620-9ED1-4332-9598-1785F718AF84}.Debug|Any CPU.Build.0 = Debug|Any CPU
		{BE657620-9ED1-4332-9598-1785F718AF84}.Release|Any CPU.ActiveCfg = Release|Any CPU
		{BE657620-9ED1-4332-9598-1785F718AF84}.Release|Any CPU.Build.0 = Release|Any CPU
	EndGlobalSection
	GlobalSection(SolutionProperties) = preSolution
		HideSolutionNode = FALSE
	EndGlobalSection
	GlobalSection(ExtensibilityGlobals) = postSolution
		SolutionGuid = {98A344F2-DE24-4FF6-A88C-E2335490461C}
	EndGlobalSection
EndGlobal
